{
  "name": "node.js-packageuse",
  "version": "1.0.0",
  "lockfileVersion": 3,
  "requires": true,
  "packages": {
    "": {
      "name": "node.js-packageuse",
      "version": "1.0.0",
      "license": "ISC",
      "dependencies": {
        "@sergeybildanov/ajs": "^1.0.0"
      }
    },
    "node_modules/@sergeybildanov/ajs": {
      "version": "1.0.0",
      "resolved": "https://npm.pkg.github.com/download/@sergeybildanov/ajs/1.0.0/f7312e4ab50655850fe03389bb484acd8c156e6d",
      "integrity": "sha512-McwfDP3prgJcQHrIgWZpvGeZZpBnB0Bad19hAczRkTVzgztYvWMk2GbIwyhlaVNvkwqXRQ/3ywshwuImtUhDRg==",
      "license": "ISC"
    }
  }
}
